
Microsoft Visual Studio Solution File, Format Version 12.00
# Visual Studio Version 17
VisualStudioVersion = 17.2.32519.379
MinimumVisualStudioVersion = 10.0.40219.1
Project("{FAE04EC0-301F-11D3-BF4B-00C04F79EFBC}") = "Wolfsblvt.ModularNutrientDispenser", "Wolfsblvt.ModularNutrientDispenser\Wolfsblvt.ModularNutrientDispenser.csproj", "{07EEF3E9-8C2E-4816-BD39-892751BBFCA5}"
EndProject
Project("{FAE04EC0-301F-11D3-BF4B-00C04F79EFBC}") = "Resources", "..\Resources.csproj", "{BB008AEA-D783-42A5-B2C1-48FCD902C923}"
EndProject
Global
	GlobalSection(SolutionConfigurationPlatforms) = preSolution
		Debug|Any CPU = Debug|Any CPU
		Release|Any CPU = Release|Any CPU
	EndGlobalSection
	GlobalSection(ProjectConfigurationPlatforms) = postSolution
		{07EEF3E9-8C2E-4816-BD39-892751BBFCA5}.Debug|Any CPU.ActiveCfg = Debug|Any CPU
		{07EEF3E9-8C2E-4816-BD39-892751BBFCA5}.Debug|Any CPU.Build.0 = Debug|Any CPU
		{07EEF3E9-8C2E-4816-BD39-892751BBFCA5}.Release|Any CPU.ActiveCfg = Release|Any CPU
		{07EEF3E9-8C2E-4816-BD39-892751BBFCA5}.Release|Any CPU.Build.0 = Release|Any CPU
		{BB008AEA-D783-42A5-B2C1-48FCD902C923}.Debug|Any CPU.ActiveCfg = Debug|Any CPU
		{BB008AEA-D783-42A5-B2C1-48FCD902C923}.Debug|Any CPU.Build.0 = Debug|Any CPU
		{BB008AEA-D783-42A5-B2C1-48FCD902C923}.Release|Any CPU.ActiveCfg = Release|Any CPU
		{BB008AEA-D783-42A5-B2C1-48FCD902C923}.Release|Any CPU.Build.0 = Release|Any CPU
	EndGlobalSection
	GlobalSection(SolutionProperties) = preSolution
		HideSolutionNode = FALSE
	EndGlobalSection
	GlobalSection(ExtensibilityGlobals) = postSolution
		SolutionGuid = {CF023B31-2726-42F4-9E3C-8565C2531E9E}
	EndGlobalSection
EndGlobal
